
Microsoft Visual Studio Solution File, Format Version 12.00
# Visual Studio 15
VisualStudioVersion = 15.0.28010.2046
MinimumVisualStudioVersion = 10.0.40219.1
Project("{FAE04EC0-301F-11D3-BF4B-00C04F79EFBC}") = "SeedIssueRepro", "SeedIssueRepro\SeedIssueRepro.csproj", "{5FF36942-438D-4560-93E4-9522D1E13764}"
EndProject
Global
	GlobalSection(SolutionConfigurationPlatforms) = preSolution
		Debug|Any CPU = Debug|Any CPU
		Release|Any CPU = Release|Any CPU
	EndGlobalSection
	GlobalSection(ProjectConfigurationPlatforms) = postSolution
		{5FF36942-438D-4560-93E4-9522D1E13764}.Debug|Any CPU.ActiveCfg = Debug|Any CPU
		{5FF36942-438D-4560-93E4-9522D1E13764}.Debug|Any CPU.Build.0 = Debug|Any CPU
		{5FF36942-438D-4560-93E4-9522D1E13764}.Release|Any CPU.ActiveCfg = Release|Any CPU
		{5FF36942-438D-4560-93E4-9522D1E13764}.Release|Any CPU.Build.0 = Release|Any CPU
	EndGlobalSection
	GlobalSection(SolutionProperties) = preSolution
		HideSolutionNode = FALSE
	EndGlobalSection
	GlobalSection(ExtensibilityGlobals) = postSolution
		SolutionGuid = {058B2BAC-6C7D-40F3-A29A-AEB4EE04FC16}
	EndGlobalSection
EndGlobal
